[[package]]
name = "astroid"
version = "1.6.4"
description = "A abstract syntax tree for Python with inference support."
category = "dev"
optional = false
python-versions = ">=2.7, !=3.0.*, !=3.1.*, !=3.2.*, !=3.3.*"
platform = "*"

[package.dependencies]
"backports.functools-lru-cache" = "*"
singledispatch = "*"
enum34 = ">=1.1.3"
wrapt = "*"
six = "*"
lazy-object-proxy = "*"
[[package]]
name = "atomicwrites"
version = "1.1.5"
description = "Atomic file writes."
category = "dev"
optional = false
python-versions = "*"
platform = "UNKNOWN"

[[package]]
name = "attrs"
version = "18.1.0"
description = "Classes Without Boilerplate"
category = "dev"
optional = false
python-versions = "*"
platform = "*"

[[package]]
name = "backports.shutil-get-terminal-size"
version = "1.0.0"
description = "A backport of the get_terminal_size function from Python 3.3's shutil."
category = "main"
optional = false
python-versions = "*"
platform = "UNKNOWN"

[[package]]
name = "certifi"
version = "2018.4.16"
description = "Python package for providing Mozilla's CA Bundle."
category = "dev"
optional = false
python-versions = "*"
platform = "*"

[[package]]
name = "chardet"
version = "3.0.4"
description = "Universal encoding detector for Python 2 and 3"
category = "dev"
optional = false
python-versions = "*"
platform = "*"

[[package]]
name = "cliar"
version = "1.2.1"
description = "Create CLIs with classes and type hints."
category = "main"
optional = false
python-versions = ">=3.6,<4.0"
platform = "*"

[[package]]
name = "codecov"
version = "2.0.15"
description = "Hosted coverage reports for Github, Bitbucket and Gitlab"
category = "dev"
optional = false
python-versions = "*"
platform = "*"

[package.dependencies]
requests = ">=2.7.9"
coverage = "*"
[[package]]
name = "colorama"
version = "0.3.9"
description = "Cross-platform colored terminal text."
category = "main"
optional = false
python-versions = "*"
platform = "UNKNOWN"

[[package]]
name = "coverage"
version = "4.5.1"
description = "Code coverage measurement for Python"
category = "dev"
optional = false
python-versions = ">=2.6, !=3.0.*, !=3.1.*, !=3.2.*, <4"
platform = "*"

[[package]]
name = "cursor"
version = "1.2.0"
description = "A small Python package to hide or show the terminal cursor"
category = "main"
optional = false
python-versions = "*"
platform = "*"

[[package]]
name = "enum34"
version = "1.1.6"
description = "Python 3.4 Enum backported to 3.3, 3.2, 3.1, 2.7, 2.6, 2.5, and 2.4"
category = "main"
optional = false
python-versions = "*"
platform = "UNKNOWN"

[[package]]
name = "halo"
version = "0.0.10"
description = "Beautiful terminal spinners in Python"
category = "main"
optional = false
python-versions = "*"
platform = "*"

[package.dependencies]
"backports.shutil_get_terminal_size" = "1.0.0"
log_symbols = "0.0.11"
spinners = "0.0.19"
cursor = "1.2.0"
termcolor = "1.1.0"
colorama = "0.3.9"
six = "1.11.0"
[[package]]
name = "idna"
version = "2.6"
description = "Internationalized Domain Names in Applications (IDNA)"
category = "dev"
optional = false
python-versions = "*"
platform = "*"

[[package]]
name = "isort"
version = "4.3.4"
description = "A Python utility / library to sort Python imports."
category = "dev"
optional = false
python-versions = "*"
platform = "*"

[package.dependencies]
futures = "*"
[[package]]
name = "lazy-object-proxy"
version = "1.3.1"
description = "A fast and thorough lazy object proxy."
category = "dev"
optional = false
python-versions = "*"
platform = "*"

[[package]]
name = "log-symbols"
version = "0.0.11"
description = "Colored symbols for various log levels for Python"
category = "main"
optional = false
python-versions = "*"
platform = "*"

[package.dependencies]
colorama = "0.3.9"
enum34 = "1.1.6"
[[package]]
name = "mccabe"
version = "0.6.1"
description = "McCabe checker, plugin for flake8"
category = "dev"
optional = false
python-versions = "*"
platform = "*"

[[package]]
name = "more-itertools"
version = "4.2.0"
description = "More routines for operating on iterables, beyond itertools"
category = "dev"
optional = false
python-versions = "*"
platform = "*"

[package.dependencies]
six = ">=1.0.0,<2.0.0"
[[package]]
name = "pluggy"
version = "0.6.0"
description = "plugin and hook calling mechanisms for python"
category = "dev"
optional = false
python-versions = ">=2.7, !=3.0.*, !=3.1.*, !=3.2.*, !=3.3.*"
platform = "unix"

[[package]]
name = "prompt-toolkit"
version = "2.0.1"
description = "Library for building powerful interactive command lines in Python"
category = "main"
optional = false
python-versions = "*"
platform = "*"

[package.dependencies]
six = ">=1.9.0"
wcwidth = "*"
[[package]]
name = "py"
version = "1.5.3"
description = "library with cross-python path, ini-parsing, io, code, log facilities"
category = "dev"
optional = false
python-versions = ">=2.7, !=3.0.*, !=3.1.*, !=3.2.*, !=3.3.*"
platform = "unix"

[[package]]
name = "pylint"
version = "1.9.1"
description = "python code static checker"
category = "dev"
optional = false
python-versions = ">=2.7, !=3.0.*, !=3.1.*, !=3.2.*, !=3.3.*"
platform = "*"

[package.dependencies]
colorama = "*"
"backports.functools-lru-cache" = "*"
configparser = "*"
singledispatch = "*"
mccabe = "*"
isort = ">=4.2.5"
six = "*"
astroid = ">=1.6,<2.0"
[[package]]
name = "pytest"
version = "3.6.0"
description = "pytest: simple powerful testing with Python"
category = "dev"
optional = false
python-versions = ">=2.7, !=3.0.*, !=3.1.*, !=3.2.*, !=3.3.*"
platform = "unix"

[package.dependencies]
colorama = "*"
funcsigs = "*"
pluggy = ">=0.5,<0.7"
atomicwrites = ">=1.0"
more-itertools = ">=4.0.0"
attrs = ">=17.4.0"
setuptools = "*"
six = ">=1.10.0"
py = ">=1.5.0"
[[package]]
name = "pytest-cov"
version = "2.5.1"
description = "Pytest plugin for measuring coverage."
category = "dev"
optional = false
python-versions = "*"
platform = "*"

[package.dependencies]
coverage = ">=3.7.1"
pytest = ">=2.6.0"
[[package]]
name = "pytest-datadir"
version = "1.0.1"
description = "pytest plugin for test data directories and files"
category = "dev"
optional = false
python-versions = "*"
platform = "*"

[package.dependencies]
pytest = ">=2.7.0"
pathlib = "*"
[[package]]
name = "pyyaml"
version = "3.12"
description = "YAML parser and emitter for Python"
category = "main"
optional = false
python-versions = "*"
platform = "Any"

[[package]]
name = "requests"
version = "2.18.4"
description = "Python HTTP for Humans."
category = "dev"
optional = false
python-versions = "*"
platform = "*"

[package.dependencies]
certifi = ">=2017.4.17"
chardet = ">=3.0.2,<3.1.0"
idna = ">=2.5,<2.7"
urllib3 = ">=1.21.1,<1.23"
[[package]]
name = "six"
version = "1.11.0"
description = "Python 2 and 3 compatibility utilities"
category = "main"
optional = false
python-versions = "*"
platform = "*"

[[package]]
name = "spinners"
version = "0.0.19"
description = "Spinners for terminals"
category = "main"
optional = false
python-versions = "*"
platform = "*"

[package.dependencies]
enum34 = "1.1.6"
[[package]]
name = "termcolor"
version = "1.1.0"
description = "ANSII Color formatting for output in terminal."
category = "main"
optional = false
python-versions = "*"
platform = "UNKNOWN"

[[package]]
name = "urllib3"
version = "1.22"
description = "HTTP library with thread-safe connection pooling, file post, and more."
category = "dev"
optional = false
python-versions = "*"
platform = "*"

[[package]]
name = "wcwidth"
version = "0.1.7"
description = "Measures number of Terminal column cells of wide-character codes"
category = "main"
optional = false
python-versions = "*"
platform = "UNKNOWN"

[[package]]
name = "wrapt"
version = "1.10.11"
description = "Module for decorators, wrappers and monkey patching."
category = "dev"
optional = false
python-versions = "*"
platform = "*"

[metadata]
python-versions = "^3.6"
platform = "*"
content-hash = "dd3eb2bf112308811edca2cfc5ba77ed25fccdf048bbe6fa700a0f664bd91000"

[metadata.hashes]
astroid = [ "032f6e09161e96f417ea7fad46d3fac7a9019c775f202182c22df0e4f714cb1c", "dea42ae6e0b789b543f728ddae7ddb6740ba33a49fb52c4a4d9cb7bb4aa6ec09",]
atomicwrites = [ "a24da68318b08ac9c9c45029f4a10371ab5b20e4226738e150e6e7c571630ae6", "240831ea22da9ab882b551b31d4225591e5e447a68c5e188db5b89ca1d487585",]
attrs = [ "4b90b09eeeb9b88c35bc642cbac057e45a5fd85367b985bd2809c62b7b939265", "e0d0eb91441a3b53dab4d9b743eafc1ac44476296a2053b6ca3af0b139faf87b",]
"backports.shutil-get-terminal-size" = [ "0975ba55054c15e346944b38956a4c9cbee9009391e41b86c68990effb8c1f64", "713e7a8228ae80341c70586d1cc0a8caa5207346927e23d09dcbcaf18eadec80",]
certifi = [ "9fa520c1bacfb634fa7af20a76bcbd3d5fb390481724c597da32c719a7dca4b0", "13e698f54293db9f89122b0581843a782ad0934a4fe0172d2a980ba77fc61bb7",]
chardet = [ "fc323ffcaeaed0e0a02bf4d117757b98aed530d9ed4531e3e15460124c106691", "84ab92ed1c4d4f16916e05906b6b75a6c0fb5db821cc65e70cbd64a3e2a5eaae",]
cliar = [ "59c4d91e390914769adafe7f8bf50bb40f077c2bdfd59816b22e7efa8c9dd6df", "40a06bb67bafa006baba2551210ae026cf30387c8de678ae01466ebedbacbda4",]
codecov = [ "ae00d68e18d8a20e9c3288ba3875ae03db3a8e892115bf9b83ef20507732bed4", "8ed8b7c6791010d359baed66f84f061bba5bd41174bf324c31311e8737602788",]
colorama = [ "463f8483208e921368c9f306094eb6f725c6ca42b0f97e313cb5d5512459feda", "48eb22f4f8461b1df5734a074b57042430fb06e1d61bd1e11b078c0fe6d7a1f1",]
coverage = [ "7608a3dd5d73cb06c531b8925e0ef8d3de31fed2544a7de6c63960a1e73ea4bc", "3a2184c6d797a125dca8367878d3b9a178b6fdd05fdc2d35d758c3006a1cd694", "f3f501f345f24383c0000395b26b726e46758b71393267aeae0bd36f8b3ade80", "0b136648de27201056c1869a6c0d4e23f464750fd9a9ba9750b8336a244429ed", "337ded681dd2ef9ca04ef5d93cfc87e52e09db2594c296b4a0a3662cb1b41249", "3eb42bf89a6be7deb64116dd1cc4b08171734d721e7a7e57ad64cc4ef29ed2f1", "be6cfcd8053d13f5f5eeb284aa8a814220c3da1b0078fa859011c7fffd86dab9", "69bf008a06b76619d3c3f3b1983f5145c75a305a0fea513aca094cae5c40a8f5", "2eb564bbf7816a9d68dd3369a510be3327f1c618d2357fa6b1216994c2e3d508", "9d6dd10d49e01571bf6e147d3b505141ffc093a06756c60b053a859cb2128b1f", "701cd6093d63e6b8ad7009d8a92425428bc4d6e7ab8d75efbb665c806c1d79ba", "5a13ea7911ff5e1796b6d5e4fbbf6952381a611209b736d48e675c2756f3f74e", "c1bb572fab8208c400adaf06a8133ac0712179a334c09224fb11393e920abcdd", "03481e81d558d30d230bc12999e3edffe392d244349a90f4ef9b88425fac74ba", "28b2191e7283f4f3568962e373b47ef7f0392993bb6660d079c62bd50fe9d162", "de4418dadaa1c01d497e539210cb6baa015965526ff5afc078c57ca69160108d", "8c3cb8c35ec4d9506979b4cf90ee9918bc2e49f84189d9bf5c36c0c1119c6558", "7e1fe19bd6dce69d9fd159d8e4a80a8f52101380d5d3a4d374b6d3eae0e5de9c", "6bc583dc18d5979dc0f6cec26a8603129de0304d5ae1f17e57a12834e7235062", "198626739a79b09fa0a2f06e083ffd12eb55449b5f8bfdbeed1df4910b2ca640", "7aa36d2b844a3e4a4b356708d79fd2c260281a7390d678a10b91ca595ddc9e99", "3d72c20bd105022d29b14a7d628462ebdc61de2f303322c0212a054352f3b287", "4635a184d0bbe537aa185a34193898eee409332a8ccb27eea36f262566585000", "e05cb4d9aad6233d67e0541caa7e511fa4047ed7750ec2510d466e806e0255d6", "76ecd006d1d8f739430ec50cc872889af1f9c1b6b8f48e29941814b09b0fd3cc", "7d3f553904b0c5c016d1dad058a7554c7ac4c91a789fca496e7d8347ad040653", "3c79a6f7b95751cdebcd9037e4d06f8d5a9b60e4ed0cd231342aa8ad7124882a", "56e448f051a201c5ebbaa86a5efd0ca90d327204d8b059ab25ad0f35fbfd79f1", "ac4fef68da01116a5c117eba4dd46f2e06847a497de5ed1d64bb99a5fda1ef91", "1c383d2ef13ade2acc636556fd544dba6e14fa30755f26812f54300e401f98f2", "b8815995e050764c8610dbc82641807d196927c3dbed207f0a079833ffcf588d", "104ab3934abaf5be871a583541e8829d6c19ce7bde2923b2751e0d3ca44db60a", "9e112fcbe0148a6fa4f0a02e8d58e94470fc6cb82a5481618fea901699bf34c4", "15b111b6a0f46ee1a485414a52a7ad1d703bdf984e9ed3c288a4414d3871dcbd", "e4d96c07229f58cb686120f168276e434660e4358cc9cf3b0464210b04913e77", "f8a923a85cb099422ad5a2e345fe877bbc89a8a8b23235824a93488150e45f6e",]
cursor = [ "8ee9fe5b925e1001f6ae6c017e93682583d2b4d1ef7130a26cfcdf1651c0032c",]
enum34 = [ "6bd0f6ad48ec2aa117d3d141940d484deccda84d4fcd884f5c3d93c23ecd8c79", "644837f692e5f550741432dd3f223bbb9852018674981b1664e5dc339387588a", "8ad8c4783bf61ded74527bffb48ed9b54166685e4230386a9ed9b1279e2df5b1", "2d81cbbe0e73112bdfe6ef8576f2238f2ba27dd0d55752a776c41d38b7da2850",]
halo = [ "2fe6831f09d28a7f2bf254c5c77b5ea308a1891a64d9f7e7aa07f5af18c47188",]
idna = [ "8c7309c718f94b3a625cb648ace320157ad16ff131ae0af362c9f21b80ef6ec4", "2c6a5de3089009e3da7c5dde64a141dbc8551d5b7f6cf4ed7c2568d0cc520a8f",]
isort = [ "ec9ef8f4a9bc6f71eec99e1806bfa2de401650d996c59330782b89a5555c1497", "1153601da39a25b14ddc54955dbbacbb6b2d19135386699e2ad58517953b34af", "b9c40e9750f3d77e6e4d441d8b0266cf555e7cdabdcff33c4fd06366ca761ef8",]
lazy-object-proxy = [ "209615b0fe4624d79e50220ce3310ca1a9445fd8e6d3572a896e7f9146bbf019", "1b668120716eb7ee21d8a38815e5eb3bb8211117d9a90b0f8e21722c0758cc39", "cb924aa3e4a3fb644d0c463cad5bc2572649a6a3f68a7f8e4fbe44aaa6d77e4c", "2c1b21b44ac9beb0fc848d3993924147ba45c4ebc24be19825e57aabbe74a99e", "320ffd3de9699d3892048baee45ebfbbf9388a7d65d832d7e580243ade426d2b", "2df72ab12046a3496a92476020a1a0abf78b2a7db9ff4dc2036b8dd980203ae6", "27ea6fd1c02dcc78172a82fc37fcc0992a94e4cecf53cb6d73f11749825bd98b", "e5b9e8f6bda48460b7b143c3821b21b452cb3a835e6bbd5dd33aa0c8d3f5137d", "7661d401d60d8bf15bb5da39e4dd72f5d764c5aff5a86ef52a042506e3e970ff", "61a6cf00dcb1a7f0c773ed4acc509cb636af2d6337a08f362413c76b2b47a8dd", "bd6292f565ca46dee4e737ebcc20742e3b5be2b01556dafe169f6c65d088875f", "933947e8b4fbe617a51528b09851685138b49d511af0b6c0da2539115d6d4514", "d0fc7a286feac9077ec52a927fc9fe8fe2fabab95426722be4c953c9a8bede92", "7f3a2d740291f7f2c111d86a1c4851b70fb000a6c8883a59660d95ad57b9df35", "5276db7ff62bb7b52f77f1f51ed58850e315154249aceb42e7f4c611f0f847ff", "94223d7f060301b3a8c09c9b3bc3294b56b2188e7d8179c762a1cda72c979252", "6ae6c4cb59f199d8827c5a07546b2ab7e85d262acaccaacd49b62f53f7c456f7", "f460d1ceb0e4a5dcb2a652db0904224f367c9b3c1470d5a7683c0480e582468b", "e81ebf6c5ee9684be8f2c87563880f93eedd56dd2b6146d8a725b50b7e5adb0f", "81304b7d8e9c824d058087dcb89144842c8e0dea6d281c031f59f0acf66963d4", "ddc34786490a6e4ec0a855d401034cbd1242ef186c20d79d2166d6a4bd449577", "7bd527f36a605c914efca5d3d014170b2cb184723e423d26b1fb2fd9108e264d", "ab3ca49afcb47058393b0122428358d2fbe0408cf99f1b58b295cfeb4ed39109", "7cb54db3535c8686ea12e9535eb087d32421184eacc6939ef15ef50f83a5e7e2", "0ce34342b419bd8f018e6666bfef729aec3edf62345a53b537a4dcc115746a33", "e34b155e36fa9da7e1b7c738ed7767fc9491a62ec6af70fe9da4a057759edc2d", "50e3b9a464d5d08cc5227413db0d1c4707b6172e4d4d915c1c70e4de0bbff1f5", "27bf62cb2b1a2068d443ff7097ee33393f8483b570b475db8ebf7e1cba64f088", "eb91be369f945f10d3a49f5f9be8b3d0b93a4c2be8f8a5b83b0571b8123e0a7a",]
log-symbols = [ "87be2f283cd6f455d89b76abcf2805fad5692ec9dcd8a31d10a4c975f51392eb",]
mccabe = [ "ab8a6258860da4b6677da4bd2fe5dc2c659cff31b3ee4f7f5d64e79735b80d42", "dd8d182285a0fe56bace7f45b5e7d1a6ebcbf524e8f3bd87eb0f125271b8831f",]
more-itertools = [ "a18d870ef2ffca2b8463c0070ad17b5978056f403fb64e3f15fe62a52db21cc0", "6703844a52d3588f951883005efcf555e49566a48afd4db4e965d69b883980d3", "2b6b9893337bfd9166bee6a62c2b0c9fe7735dcf85948b387ec8cba30e85d8e8",]
pluggy = [ "d345c8fe681115900d6da8d048ba67c25df42973bda370783cd58826442dcd7c", "e160a7fcf25762bb60efc7e171d4497ff1d8d2d75a3d0df7a21b76821ecbf5c5", "7f8ae7f5bdf75671a718d2daf0a64b7885f74510bcd98b1a0bb420eb9a9d0cff",]
prompt-toolkit = [ "bbecacf5310a0b0b590446e8e1d3d83d8dc9cae68adb361214e561fa4775e6e1", "0d0b51ae7cb21d4b6292d359ca002c2bec7f920c45db727f6d882a0d68e46755", "188438afe6d47f178bf1b9015428c333aa96d03fa3320a32f39b87605bef05c5",]
py = [ "983f77f3331356039fdd792e9220b7b8ee1aa6bd2b25f567a963ff1de5a64f6a", "29c9fab495d7528e80ba1e343b958684f4ace687327e6f789a94bf3d1915f881",]
pylint = [ "aa519865f8890a5905fa34924fed0f3bfc7d84fc9f9142c16dac52ffecd25a39", "c353d8225195b37cc3aef18248b8f3fe94c5a6a95affaf885ae21a24ca31d8eb",]
pytest = [ "c76e93f3145a44812955e8d46cdd302d8a45fbfc7bf22be24fe231f9d8d8853a", "39555d023af3200d004d09e51b4dd9fdd828baa863cded3fd6ba2f29f757ae2d",]
pytest-cov = [ "890fe5565400902b0c78b5357004aab1c814115894f4f21370e2433256a3eeec", "03aa752cf11db41d281ea1d807d954c4eda35cfa1b21d6971966cc041bbf6e2d",]
pytest-datadir = [ "68226fbb6780366950a9409bb705cd4d05b11bff07a4569d4cc589c69c259def", "3e5d1892c68d0dfb6863e87d6a1f683e67be60802fee798a3ccae5dbda1ab378",]
pyyaml = [ "3262c96a1ca437e7e4763e2843746588a965426550f3797a79fca9c6199c431f", "16b20e970597e051997d90dc2cddc713a2876c47e3d92d59ee198700c5427736", "e863072cdf4c72eebf179342c94e6989c67185842d9997960b3e69290b2fa269", "bc6bced57f826ca7cb5125a10b23fd0f2fff3b7c4701d64c439a300ce665fff8", "c01b880ec30b5a6e6aa67b09a2fe3fb30473008c85cd6a67359a1b15ed6d83a4", "827dc04b8fa7d07c44de11fabbc888e627fa8293b695e0f99cb544fdfa1bf0d1", "592766c6303207a20efc445587778322d7f73b161bd994f227adaa341ba212ab", "5f84523c076ad14ff5e6c037fe1c89a7f73a3e04cf0377cb4d017014976433f3", "0c507b7f74b3d2dd4d1322ec8a94794927305ab4cebbe89cc47fe5e81541e6e8", "b4c423ab23291d3945ac61346feeb9a0dc4184999ede5e7c43e1ffb975130ae6", "ca233c64c6e40eaa6c66ef97058cdc80e8d0157a443655baa1b2966e812807ca", "4474f8ea030b5127225b8894d626bb66c01cda098d47a2b0d3429b6700af9fd8", "326420cbb492172dec84b0f65c80942de6cedb5233c413dd824483989c000608", "5ac82e411044fb129bae5cfbeb3ba626acb2af31a8d17d175004b70862a741a7",]
requests = [ "6a1b267aa90cac58ac3a765d067950e7dbbf75b1da07e895d1f594193a40a38b", "9c443e7324ba5b85070c4a818ade28bfabedf16ea10206da1132edaa6dda237e",]
six = [ "832dc0e10feb1aa2c68dcc57dbb658f1c7e65b9b61af69048abc87a2db00a0eb", "70e8a77beed4562e7f14fe23a786b54f6296e34344c23bc42f07b15018ff98e9",]
spinners = [ "f38891d1e21bf188e1adbe832fbe7e8e365ae255ae71dd230b25fc83ea6c98e2",]
termcolor = [ "1d6d69ce66211143803fbc56652b41d73b4a400a2891d7bf7a1cdf4c02de613b",]
urllib3 = [ "06330f386d6e4b195fbfc736b297f58c5a892e4440e54d294d7004e3a9bbea1b", "cc44da8e1145637334317feebd728bd869a35285b93cbb4cca2577da7e62db4f",]
wcwidth = [ "f4ebe71925af7b40a864553f761ed559b43544f8f71746c2d756c7fe788ade7c", "3df37372226d6e63e1b1e1eda15c594bca98a22d33a23832a90998faa96bc65e",]
wrapt = [ "d4d560d479f2c21e1b5443bbd15fe7ec4b37fe7e53d335d3b9b0a7b1226fe3c6",]
